<?xml version="1.0" encoding="utf-8"?>
<Project ToolsVersion="4.0" xmlns="http://schemas.microsoft.com/developer/msbuild/2003">
  <ItemGroup>
    <Filter Include="Archivos de origen">
      <UniqueIdentifier>{4FC737F1-C7A5-4376-A066-2A32D752A2FF}</UniqueIdentifier>
      <Extensions>cpp;c;cc;cxx;c++;cppm;ixx;def;odl;idl;hpj;bat;asm;asmx</Extensions>
    </Filter>
    <Filter Include="Archivos de encabezado">
      <UniqueIdentifier>{93995380-89BD-4b04-88EB-625FBE52EBFB}</UniqueIdentifier>
      <Extensions>h;hh;hpp;hxx;h++;hm;inl;inc;ipp;xsd</Extensions>
    </Filter>
    <Filter Include="Archivos de recursos">
      <UniqueIdentifier>{67DA6AB6-F800-4c08-8B7A-83BB121AAD01}</UniqueIdentifier>
      <Extensions>rc;ico;cur;bmp;dlg;rc2;rct;bin;rgs;gif;jpg;jpeg;jpe;resx;tiff;tif;png;wav;mfcribbon-ms</Extensions>
    </Filter>
    <Filter Include="Archivos de recursos\Sprites">
      <UniqueIdentifier>{ce15f639-098a-4cde-a0dd-bd8125206546}</UniqueIdentifier>
    </Filter>
    <Filter Include="Archivos de recursos\Font">
      <UniqueIdentifier>{667827f2-4e57-4dd5-8c3b-88fe40682437}</UniqueIdentifier>
    </Filter>
    <Filter Include="Archivos de recursos\Levels">
      <UniqueIdentifier>{21566787-ff14-4671-a7aa-7fd239c022ec}</UniqueIdentifier>
    </Filter>
  </ItemGroup>
  <ItemGroup>
    <ClCompile Include="main.cpp">
      <Filter>Archivos de origen</Filter>
    </ClCompile>
    <ClCompile Include="Window.cpp">
      <Filter>Archivos de origen</Filter>
    </ClCompile>
    <ClCompile Include="Game.cpp">
      <Filter>Archivos de origen</Filter>
    </ClCompile>
    <ClCompile Include="Entity.cpp">
      <Filter>Archivos de origen</Filter>
    </ClCompile>
    <ClCompile Include="Player.cpp">
      <Filter>Archivos de origen</Filter>
    </ClCompile>
    <ClCompile Include="Bullet.cpp">
      <Filter>Archivos de origen</Filter>
    </ClCompile>
    <ClCompile Include="Enemy.cpp">
      <Filter>Archivos de origen</Filter>
    </ClCompile>
    <ClCompile Include="Application.cpp">
      <Filter>Archivos de origen</Filter>
    </ClCompile>
    <ClCompile Include="MainMenu.cpp">
      <Filter>Archivos de origen</Filter>
    </ClCompile>
    <ClCompile Include="PauseMenu.cpp">
      <Filter>Archivos de origen</Filter>
    </ClCompile>
    <ClCompile Include="TileMap.cpp">
      <Filter>Archivos de origen</Filter>
    </ClCompile>
    <ClCompile Include="HUD.cpp">
      <Filter>Archivos de origen</Filter>
    </ClCompile>
  </ItemGroup>
  <ItemGroup>
    <ClInclude Include="Game.h">
      <Filter>Archivos de encabezado</Filter>
    </ClInclude>
    <ClInclude Include="Window.h">
      <Filter>Archivos de encabezado</Filter>
    </ClInclude>
    <ClInclude Include="Entity.h">
      <Filter>Archivos de encabezado</Filter>
    </ClInclude>
    <ClInclude Include="Player.h">
      <Filter>Archivos de encabezado</Filter>
    </ClInclude>
    <ClInclude Include="Bullet.h">
      <Filter>Archivos de encabezado</Filter>
    </ClInclude>
    <ClInclude Include="Enemy.h">
      <Filter>Archivos de encabezado</Filter>
    </ClInclude>
    <ClInclude Include="Application.h">
      <Filter>Archivos de encabezado</Filter>
    </ClInclude>
    <ClInclude Include="MainMenu.h">
      <Filter>Archivos de encabezado</Filter>
    </ClInclude>
    <ClInclude Include="PauseMenu.h">
      <Filter>Archivos de encabezado</Filter>
    </ClInclude>
    <ClInclude Include="TileMap.h">
      <Filter>Archivos de encabezado</Filter>
    </ClInclude>
    <ClInclude Include="HUD.h">
      <Filter>Archivos de encabezado</Filter>
    </ClInclude>
  </ItemGroup>
  <ItemGroup>
    <Image Include="Resources\PlayerAim1.png">
      <Filter>Archivos de recursos\Sprites</Filter>
    </Image>
    <Image Include="Resources\PlayerAim2.png">
      <Filter>Archivos de recursos\Sprites</Filter>
    </Image>
    <Image Include="Resources\PlayerDeath.png">
      <Filter>Archivos de recursos\Sprites</Filter>
    </Image>
    <Image Include="Resources\Projectiles.png">
      <Filter>Archivos de recursos\Sprites</Filter>
    </Image>
    <Image Include="Resources\EnemyAim.png">
      <Filter>Archivos de recursos\Sprites</Filter>
    </Image>
    <Image Include="Resources\TileSet.png">
      <Filter>Archivos de recursos\Sprites</Filter>
    </Image>
    <Image Include="Resources\HudPistol.png">
      <Filter>Archivos de recursos\Sprites</Filter>
    </Image>
    <Image Include="Resources\HudCrosshair.png">
      <Filter>Archivos de recursos\Sprites</Filter>
    </Image>
  </ItemGroup>
  <ItemGroup>
    <Font Include="Font\Pixel.ttf">
      <Filter>Archivos de recursos\Font</Filter>
    </Font>
  </ItemGroup>
  <ItemGroup>
    <None Include="Levels\Level1.json">
      <Filter>Archivos de recursos\Levels</Filter>
    </None>
  </ItemGroup>
</Project>